
Microsoft Visual Studio Solution File, Format Version 12.00
# Visual Studio Version 17
VisualStudioVersion = 17.13.35931.197 d17.13
MinimumVisualStudioVersion = 10.0.40219.1
Project("{888888A0-9F3D-457C-B088-3A5042F75D52}") = "CFapp", "CFapp.pyproj", "{FD42C417-492E-48FF-97E3-F74AAE1333DE}"
EndProject
Global
	GlobalSection(SolutionConfigurationPlatforms) = preSolution
		Debug|Any CPU = Debug|Any CPU
		Release|Any CPU = Release|Any CPU
	EndGlobalSection
	GlobalSection(ProjectConfigurationPlatforms) = postSolution
		{FD42C417-492E-48FF-97E3-F74AAE1333DE}.Debug|Any CPU.ActiveCfg = Debug|Any CPU
		{FD42C417-492E-48FF-97E3-F74AAE1333DE}.Debug|Any CPU.Build.0 = Debug|Any CPU
		{FD42C417-492E-48FF-97E3-F74AAE1333DE}.Release|Any CPU.ActiveCfg = Release|Any CPU
		{FD42C417-492E-48FF-97E3-F74AAE1333DE}.Release|Any CPU.Build.0 = Release|Any CPU
	EndGlobalSection
	GlobalSection(SolutionProperties) = preSolution
		HideSolutionNode = FALSE
	EndGlobalSection
	GlobalSection(ExtensibilityGlobals) = postSolution
		SolutionGuid = {A1C6C4F7-F695-4719-9934-29CD7DAFD48B}
	EndGlobalSection
EndGlobal
